
Microsoft Visual Studio Solution File, Format Version 12.00
# Visual Studio Version 17
VisualStudioVersion = 17.6.33829.357
MinimumVisualStudioVersion = 10.0.40219.1
Project("{8BC9CEB8-8B4A-11D0-8D11-00A0C91BC942}") = "面相对象-类", "面相对象-类\面相对象-类.vcxproj", "{54CD1E72-EFF3-461B-A145-42210E820D65}"
EndProject
Global
	GlobalSection(SolutionConfigurationPlatforms) = preSolution
		Debug|x64 = Debug|x64
		Debug|x86 = Debug|x86
		Release|x64 = Release|x64
		Release|x86 = Release|x86
	EndGlobalSection
	GlobalSection(ProjectConfigurationPlatforms) = postSolution
		{54CD1E72-EFF3-461B-A145-42210E820D65}.Debug|x64.ActiveCfg = Debug|x64
		{54CD1E72-EFF3-461B-A145-42210E820D65}.Debug|x64.Build.0 = Debug|x64
		{54CD1E72-EFF3-461B-A145-42210E820D65}.Debug|x86.ActiveCfg = Debug|Win32
		{54CD1E72-EFF3-461B-A145-42210E820D65}.Debug|x86.Build.0 = Debug|Win32
		{54CD1E72-EFF3-461B-A145-42210E820D65}.Release|x64.ActiveCfg = Release|x64
		{54CD1E72-EFF3-461B-A145-42210E820D65}.Release|x64.Build.0 = Release|x64
		{54CD1E72-EFF3-461B-A145-42210E820D65}.Release|x86.ActiveCfg = Release|Win32
		{54CD1E72-EFF3-461B-A145-42210E820D65}.Release|x86.Build.0 = Release|Win32
	EndGlobalSection
	GlobalSection(SolutionProperties) = preSolution
		HideSolutionNode = FALSE
	EndGlobalSection
	GlobalSection(ExtensibilityGlobals) = postSolution
		SolutionGuid = {EDE9D31B-E6F4-4128-BAF5-BF5FD21E5822}
	EndGlobalSection
EndGlobal
